{
  "version": "3",
  "packages": {
    "specifiers": {
      "jsr:@lucsoft/web-bson@^0.3.1": "jsr:@lucsoft/web-bson@0.3.1",
      "jsr:@std/crypto@^0.220.1": "jsr:@std/crypto@0.220.1",
      "jsr:@std/encoding@^0.220.1": "jsr:@std/encoding@0.220.1",
      "npm:@types/node": "npm:@types/node@18.16.19",
      "npm:yaml": "npm:yaml@2.4.2"
    },
    "jsr": {
      "@lucsoft/web-bson@0.3.1": {
        "integrity": "dccad36fe5cc68286a4d3fe1993f7e7a81df0970c5946a5894dae9173adafe60"
      },
      "@std/crypto@0.220.1": {
        "integrity": "4cec173974f33398041a3f66cc2f9b2fcc4a5ceaddd0e60840887d3bb7289d23"
      },
      "@std/encoding@0.220.1": {
        "integrity": "8dc38dd72e36cd68857a5837e24eb09a64bb296b96c295239c75eec17d45d23f"
      }
    },
    "npm": {
      "@types/node@18.16.19": {
        "integrity": "sha512-IXl7o+R9iti9eBW4Wg2hx1xQDig183jj7YLn8F7udNceyfkbn1ZxmzZXuak20gR40D7pIkIY1kYGx5VIGbaHKA==",
        "dependencies": {}
      },
      "yaml@2.4.2": {
        "integrity": "sha512-B3VqDZ+JAg1nZpaEmWtTXUlBneoGx6CPM9b0TENK6aoSu5t73dItudwdgmi6tHlIZZId4dZ9skcAQ2UbcyAeVA==",
        "dependencies": {}
      }
    }
  },
  "redirects": {
    "https://deno.land/x/": "https://deno.land/x",
    "https://deno.land/x/grpc_basic": "https://deno.land/x/grpc_basic@0.4.7",
    "https://deno.land/x/grpc_basic/": "https://deno.land/x/grpc_basic",
    "https://deno.land/x/grpc_basic/examples/greeter.d.ts": "https://deno.land/x/grpc_basic@0.4.7/examples/greeter.d.ts",
    "https://deno.land/x/grpc_basic/pro": "https://deno.land/x/grpc_basic@0.4.7/pro",
    "https://deno.land/x/grpc_basic/proto.ts": "https://deno.land/x/grpc_basic@0.4.7/proto.ts",
    "https://deno.land/x/grpc_basic/server.ts": "https://deno.land/x/grpc_basic@0.4.7/server.ts",
    "https://deno.land/x/grpc_basic/server.ts@": "https://deno.land/x/grpc_basic@0.4.7/server.ts@",
    "https://deno.land/x/grpc_basic@0.4.7/": "https://deno.land/x/grpc_basic@0.4.7",
    "https://deno.land/x/hono@v4.3.7/": "https://deno.land/x/hono@v4.3.7"
  },
  "remote": {
    "https://deno.land/std@0.93.0/_util/assert.ts": "2f868145a042a11d5ad0a3c748dcf580add8a0dbc0e876eaa0026303a5488f58",
    "https://deno.land/std@0.93.0/async/deferred.ts": "624bef4b755b71394620508a0c234a93cb8020cbd1b04bfcdad41c174392cef6",
    "https://deno.land/std@0.93.0/async/delay.ts": "9de1d8d07d1927767ab7f82434b883f3d8294fb19cad819691a2ad81a728cf3d",
    "https://deno.land/std@0.93.0/async/mod.ts": "253b41c658d768613eacfb11caa0a9ca7148442f932018a45576f7f27554c853",
    "https://deno.land/std@0.93.0/async/mux_async_iterator.ts": "c405c4c1194f7600189aa81dfe243e165c27f36eaea88a301fa2a74ce974548b",
    "https://deno.land/std@0.93.0/async/pool.ts": "353ce4f91865da203a097aa6f33de8966340c91b6f4a055611c8c5d534afd12f",
    "https://deno.land/std@0.93.0/bytes/mod.ts": "1ae1ccfe98c4b979f12b015982c7444f81fcb921bea7aa215bf37d84f46e1e13",
    "https://deno.land/std@0.93.0/encoding/base64.ts": "eecae390f1f1d1cae6f6c6d732ede5276bf4b9cd29b1d281678c054dc5cc009e",
    "https://deno.land/std@0.93.0/encoding/hex.ts": "f952e0727bddb3b2fd2e6889d104eacbd62e92091f540ebd6459317a61932d9b",
    "https://deno.land/std@0.93.0/fmt/colors.ts": "db22b314a2ae9430ae7460ce005e0a7130e23ae1c999157e3bb77cf55800f7e4",
    "https://deno.land/std@0.93.0/io/buffer.ts": "2a92f02c1d8daaebaf13e5678ea5969c89f4fab533f687b9e7e86f49f11c3118",
    "https://deno.land/std@0.93.0/io/util.ts": "843ccf667ff291ba2315c2419a54b4e76dbc7c0f6c3152f640eac4dc954e3753",
    "https://deno.land/std@0.93.0/node/_errors.ts": "c7c2acbf6589964a8b1a52ab5d80d9028f72033ed250b5dd3c9838f32d129378",
    "https://deno.land/std@0.93.0/node/_stream/async_iterator.ts": "f5e8e4cf7e823364740a9db1cf492f571a4c7c7cbc4c9f65cb505db439eecca1",
    "https://deno.land/std@0.93.0/node/_stream/buffer_list.ts": "93526777ba6436a5e73590b7878506ad4dbe99e6cb041d15cf748b2df28596d1",
    "https://deno.land/std@0.93.0/node/_stream/destroy.ts": "c6248bab9e1c85693716867a48cb881c6df6d6111c698d7b9301eda571e54347",
    "https://deno.land/std@0.93.0/node/_stream/duplex.ts": "c0a6ce0a286ccd2c37cca217c356316007b799b803865b20a3c75559a6e933ad",
    "https://deno.land/std@0.93.0/node/_stream/duplex_internal.ts": "61c6dd6712472ca70019ad207455df2ab5524248ba3c5325ccc78473fe0b2795",
    "https://deno.land/std@0.93.0/node/_stream/end_of_stream.ts": "e50febbfa47f2ac4bc7807a16325d2550eb2f0799f8b7b035e30f04b3d399096",
    "https://deno.land/std@0.93.0/node/_stream/from.ts": "3f2d282b1fcffbfcf964b4e86518c19187a6dfebca6399d0d368dc9f24de2250",
    "https://deno.land/std@0.93.0/node/_stream/passthrough.ts": "361145fcdd270f00b162565c7e12078ef1f48b1c96ce7954998a985b926322ba",
    "https://deno.land/std@0.93.0/node/_stream/pipeline.ts": "b51c16a55a9d6999e6bee643e628d1b988f020b0743d8e224aa5f13cdcb5a6eb",
    "https://deno.land/std@0.93.0/node/_stream/promises.ts": "71d77087c158c2c3b84ddc0a4a4d70f810f6767b55195374303fa271f224cee9",
    "https://deno.land/std@0.93.0/node/_stream/readable.ts": "2ec561391e274e4f79954f0f97fdac00640ffb3c07699703a197f76cc3e9e0a3",
    "https://deno.land/std@0.93.0/node/_stream/readable_internal.ts": "2ebb5fdeadbf6dc8eb79a30e8750b08b07c6868c8b6e54d5415a97bd5c067535",
    "https://deno.land/std@0.93.0/node/_stream/stream.ts": "12ea4dab20cbef772fbc3d58feb7741cb7b515da7cdd550e9c1c56b624f8b167",
    "https://deno.land/std@0.93.0/node/_stream/symbols.ts": "980ba25e8e05593fd775c51e05e7ccf2af7fe466616f110c107dd96bce302754",
    "https://deno.land/std@0.93.0/node/_stream/transform.ts": "7b7b7fe1506e461412f5f53325da57d8de11dde2990c7e2f8d0d8cb7690262e3",
    "https://deno.land/std@0.93.0/node/_stream/writable.ts": "67bc3c96bd15c7c0cdedf5bf6422304b245d39c2dbdace0c3de2f5598a38b4ce",
    "https://deno.land/std@0.93.0/node/_stream/writable_internal.ts": "ef00bd654f949c17eb4b1749d1e37e92a93cbc7fc5807b63875d3b94a667c023",
    "https://deno.land/std@0.93.0/node/_util/_util_callbackify.ts": "f2ac50a47572dde37612a52c7b337afeefb6faafdb849184487e06436334a5ab",
    "https://deno.land/std@0.93.0/node/_util/_util_promisify.ts": "2ad6efe685f73443d5ed6ae009999789a8de4a0f01e6d2afdf242b4515477ee2",
    "https://deno.land/std@0.93.0/node/_util/_util_types.ts": "ae3d21e07c975f06590ab80bbde8173670d70ff40546267c0c1df869fc2ff00c",
    "https://deno.land/std@0.93.0/node/_utils.ts": "33b06f2877d3ee80f17190ee81fdc436755ce74b9c2a9a4492c7cdfe2a03e4c6",
    "https://deno.land/std@0.93.0/node/assert.ts": "eed03a5a60700d5af0fa4461cb353a5bb4dfbff5740633bb9b378b0b92a97c3c",
    "https://deno.land/std@0.93.0/node/assertion_error.ts": "119c61306d2872a70ebde301dc09466db3b91197a49c95149f89ca09d410ad81",
    "https://deno.land/std@0.93.0/node/buffer.ts": "5d149bccd443c496b1c48436b6242999b40da5309acb76462c1159766c1b2370",
    "https://deno.land/std@0.93.0/node/events.ts": "0feda0707e2229363f5df8b799fed41bb91de6ca7106f27c7a9f0a02ea11b9d4",
    "https://deno.land/std@0.93.0/node/stream.ts": "c7c69f423a21ff7634ba2a07b8fe08e308e169f6ea5a7d91c9a7587ccbac82c3",
    "https://deno.land/std@0.93.0/node/string_decoder.ts": "da8586cf9288fa8d83574c409b4eadb0d634b0294fad2b4675df78dfac6ff546",
    "https://deno.land/std@0.93.0/node/util.ts": "3888b31481d7830e62818078fa6372086a316fff8b3283db6d4a1e01c7012030",
    "https://deno.land/std@0.93.0/testing/_diff.ts": "961eaf6d9f5b0a8556c9d835bbc6fa74f5addd7d3b02728ba7936ff93364f7a3",
    "https://deno.land/std@0.93.0/testing/asserts.ts": "9ae4f282a1164efa53f566f15b09319e6de7eea0a4ed63e8db7faf8213f05d8c",
    "https://deno.land/x/grpc_basic@0.4.7/client.ts": "db2a754c42068800a95059af3272b894697725f2fcd2d3cf958cd00d37dc950a",
    "https://deno.land/x/grpc_basic@0.4.7/error.ts": "b2c4c17b2b1d3e7040db463b23a633ad6634865c8d4720e4fc7506718e87d3d6",
    "https://deno.land/x/grpc_basic@0.4.7/http2/conn.ts": "9188f139ff6fd83b79e43782f6469b0e4ca77c195814e48807216bdf86386e6b",
    "https://deno.land/x/grpc_basic@0.4.7/http2/flow.ts": "e99768743a03a6a28243e3c8c9a293634afad20970963f32c86c754faa77ad32",
    "https://deno.land/x/grpc_basic@0.4.7/http2/frames.ts": "3558edb47caf92f78016d371ad0ab919b571187e8af0d817136fc270b595a588",
    "https://deno.land/x/grpc_basic@0.4.7/http2/hpack.ts": "549ca5bdb1d43accaee075c5e0c1b63b6178079ea3c8e653f853127aef8e54a0",
    "https://deno.land/x/grpc_basic@0.4.7/http2/stream.ts": "43b198a0e40b61edce4d587a91f220ca93dc62416ede3e2b41db8eac1cde30a7",
    "https://deno.land/x/grpc_basic@0.4.7/http2/util.ts": "7e888b00bac606aa81f8e27737f96c6d0309fa41c4a46760ddc73a3d0102763b",
    "https://deno.land/x/grpc_basic@0.4.7/proto.ts": "6ca84ac8e15063498cdaa915695414afe07b7834fbd91e76a5708f3c8363bcb9",
    "https://deno.land/x/grpc_basic@0.4.7/server.ts": "d005082fb93fc0e54ad872326cd0e9110b2cde9c2f06c15f81fa6eaf6a25ce6e",
    "https://deno.land/x/grpc_basic@0.4.7/vendor/protobuf@v6.10.2.js": "8eaefbf219f39998148c27018b88816e3218426517dc497f7ea6802ca3172def",
    "https://deno.land/x/hono@v4.3.7/client/client.ts": "dcda3887257fa3164db7b32c56665c6e757f0ef047a14f3f9599ef41725c1525",
    "https://deno.land/x/hono@v4.3.7/client/index.ts": "30def535310a37bede261f1b23d11a9758983b8e9d60a6c56309cee5f6746ab2",
    "https://deno.land/x/hono@v4.3.7/client/utils.ts": "8be84b49c5c7952666875a8e901fde3044c85c853ea6ba3a7e2c0468478459c0",
    "https://deno.land/x/hono@v4.3.7/compose.ts": "37d6e33b7db80e4c43a0629b12fd3a1e3406e7d9e62a4bfad4b30426ea7ae4f1",
    "https://deno.land/x/hono@v4.3.7/context.ts": "c7b59d259bcfe5187c27c537f889def0baab56f98e8e5a4456546023e70717a5",
    "https://deno.land/x/hono@v4.3.7/helper/cookie/index.ts": "689c84eae410f0444a4598f136a4f859b9122ec6f790dff74412d34405883db8",
    "https://deno.land/x/hono@v4.3.7/hono-base.ts": "fd7e9c1bba1e13119e95158270011784da3a7c3014c149ba0700e700f840ae0d",
    "https://deno.land/x/hono@v4.3.7/hono.ts": "23edd0140bf0bd5a68c14ae96e5856a5cec6b844277e853b91025e91ea74f416",
    "https://deno.land/x/hono@v4.3.7/http-exception.ts": "cd387c6f7357db375ac3375f0346c6da80b46193b661881f660d6b15293fc086",
    "https://deno.land/x/hono@v4.3.7/mod.ts": "35fd2a2e14b52365e0ad66f168b067363fd0a60d75cbcb1b01685b04de97d60e",
    "https://deno.land/x/hono@v4.3.7/request.ts": "7b08602858e642d1626c3106c0bedc2aa8d97e30691a079351d9acef7c5955e6",
    "https://deno.land/x/hono@v4.3.7/router.ts": "880316f561918fc197481755aac2165fdbe2f530b925c5357a9f98d6e2cc85c7",
    "https://deno.land/x/hono@v4.3.7/router/linear-router/index.ts": "8a2a7144c50b1f4a92d9ee99c2c396716af144c868e10608255f969695efccd0",
    "https://deno.land/x/hono@v4.3.7/router/linear-router/router.ts": "928d29894e4b45b047a4f453c7f1745c8b1869cd68447e1cb710c7bbf99a4e29",
    "https://deno.land/x/hono@v4.3.7/router/pattern-router/index.ts": "304a66c50e243872037ed41c7dd79ed0c89d815e17e172e7ad7cdc4bc07d3383",
    "https://deno.land/x/hono@v4.3.7/router/pattern-router/router.ts": "1b5f68e6af942579d3a40ee834294fea3d1f05fd5f70514e46ae301dd0107e46",
    "https://deno.land/x/hono@v4.3.7/router/reg-exp-router/index.ts": "52755829213941756159b7a963097bafde5cc4fc22b13b1c7c9184dc0512d1db",
    "https://deno.land/x/hono@v4.3.7/router/reg-exp-router/node.ts": "7efaa6f4301efc2aad0519c84973061be8555da02e5868409293a1fd98536aaf",
    "https://deno.land/x/hono@v4.3.7/router/reg-exp-router/router.ts": "632f2fa426b3e45a66aeed03f7205dad6d13e8081bed6f8d1d987b6cad8fb455",
    "https://deno.land/x/hono@v4.3.7/router/reg-exp-router/trie.ts": "852ce7207e6701e47fa30889a0d2b8bfcd56d8862c97e7bc9831e0a64bd8835f",
    "https://deno.land/x/hono@v4.3.7/router/smart-router/index.ts": "74f9b4fe15ea535900f2b9b048581915f12fe94e531dd2b0032f5610e61c3bef",
    "https://deno.land/x/hono@v4.3.7/router/smart-router/router.ts": "dc22a8505a0f345476f07dca3054c0c50a64d7b81c9af5a904476490dfd5cbb4",
    "https://deno.land/x/hono@v4.3.7/router/trie-router/index.ts": "3eb75e7f71ba81801631b30de6b1f5cefb2c7239c03797e2b2cbab5085911b41",
    "https://deno.land/x/hono@v4.3.7/router/trie-router/node.ts": "d3e00e8f1ba7fb26896459d5bba882356891a07793387c4655d1864c519a91de",
    "https://deno.land/x/hono@v4.3.7/router/trie-router/router.ts": "54ced78d35676302c8fcdda4204f7bdf5a7cc907fbf9967c75674b1e394f830d",
    "https://deno.land/x/hono@v4.3.7/utils/body.ts": "774cb319dfbe886a9d39f12c43dea15a39f9d01e45de0323167cdd5d0aad14d4",
    "https://deno.land/x/hono@v4.3.7/utils/buffer.ts": "2fae689954b427b51fb84ad02bed11a72eae96692c2973802b3b4c1e39cd5b9c",
    "https://deno.land/x/hono@v4.3.7/utils/cookie.ts": "662529d55703d2c0bad8736cb1274eb97524c0ef7882d99254fc7c8fa925b46c",
    "https://deno.land/x/hono@v4.3.7/utils/crypto.ts": "bda0e141bbe46d3a4a20f8fbcb6380d473b617123d9fdfa93e4499410b537acc",
    "https://deno.land/x/hono@v4.3.7/utils/html.ts": "6ea4f6bf41587a51607dff7a6d2865ef4d5001e4203b07e5c8a45b63a098e871",
    "https://deno.land/x/hono@v4.3.7/utils/url.ts": "855169632c61d03703bd08cafb27664ba3fdb352892f01687d5cce8fd49e3cb1",
    "https://deno.land/x/hono@v4.3.7/validator/index.ts": "6c986e8b91dcf857ecc8164a506ae8eea8665792a4ff7215471df669c632ae7c",
    "https://deno.land/x/hono@v4.3.7/validator/validator.ts": "53f3d2ad442e22f0bc2d85b7d8d90320d4e5ecf5fdd58882f906055d33a18e13",
    "https://deno.land/x/mongo@v0.33.0/deps.ts": "0260e372714ea433bbe675a5f3d467edceced6e12f406d156ba42724695b0a74",
    "https://deno.land/x/mongo@v0.33.0/mod.ts": "114eedb25b02ba42b53aaf5eb747c5bdb06a852882330624bdc52fde4b7df083",
    "https://deno.land/x/mongo@v0.33.0/src/auth/base.ts": "cfdbbd70f5efddbb4a5156b1b25737cd5cfba86581c29ebafb02085af6fa0239",
    "https://deno.land/x/mongo@v0.33.0/src/auth/mod.ts": "b161611bd5be9e9d1b4497227c8ea93ad4daadcd98038c9e5a707bc5da7a25ca",
    "https://deno.land/x/mongo@v0.33.0/src/auth/pbkdf2.ts": "1f1db192fd37869d118ab34780b64567ebcf0ad83a03ef28b3d740cae9adb47a",
    "https://deno.land/x/mongo@v0.33.0/src/auth/scram.ts": "d0be490de12c34f17c115dd540d1bd0e1c88b571b4ffe9e27ae93afa4401f7c6",
    "https://deno.land/x/mongo@v0.33.0/src/auth/x509.ts": "b638043fea07f60ca24fbd78fe450e11ea633a721b591de28b8ba45bf1f2c2d3",
    "https://deno.land/x/mongo@v0.33.0/src/client.ts": "1bc49b2c7922a638482f06f1a9723e0d2fe62d8a1c735796ede0049645a7ee74",
    "https://deno.land/x/mongo@v0.33.0/src/cluster.ts": "6fca620f12a0f8f6e11f15d5271cebd3ec22a85bcbf2eb5360d0aea414ac4722",
    "https://deno.land/x/mongo@v0.33.0/src/collection/collection.ts": "44307db6f83f4aa8c88131c788e049d0a28aff8c1314f8793be4da2803b52ff4",
    "https://deno.land/x/mongo@v0.33.0/src/collection/commands/aggregate.ts": "9ed10eacbdcd61c020d91b831d4bffa75afd3c4c272fa69e1aaf77bc339d526f",
    "https://deno.land/x/mongo@v0.33.0/src/collection/commands/find.ts": "5c68ccf73f272e85dd158921f57d2e0da643d5696073813dd539d31fad313f02",
    "https://deno.land/x/mongo@v0.33.0/src/collection/commands/list_indexes.ts": "d32a5120305d0547497026b4f5ab2ecc2f40ff7f44c405b99c2a0287765333f5",
    "https://deno.land/x/mongo@v0.33.0/src/collection/commands/update.ts": "57c2be843fdef7e3a9c67b07ab745735c82fd01614d02d37c9a594f0bab7cea2",
    "https://deno.land/x/mongo@v0.33.0/src/collection/mod.ts": "bd791a0b9b46be4365f88c54893584eadec2f8cd799db9eb05e0b5b4c8d72b8e",
    "https://deno.land/x/mongo@v0.33.0/src/database.ts": "b5287e9cffebd9ab284a71086d7ad30a59fe0039f31169c51307ae6564f06ca6",
    "https://deno.land/x/mongo@v0.33.0/src/error.ts": "8180a822b0831a94a6a28815865b5b40e3996220684bea60fcb81b272ddd06eb",
    "https://deno.land/x/mongo@v0.33.0/src/gridfs/bucket.ts": "92030ee5e995fc4cc397b81ecf92ed2cd69565eac787b450f3baa46a21e38a9b",
    "https://deno.land/x/mongo@v0.33.0/src/gridfs/indexes.ts": "59bdab481fba202e4115f43e4fd6540c9d1a1fd51af398dc9e8ff58a80affa33",
    "https://deno.land/x/mongo@v0.33.0/src/gridfs/upload.ts": "6a54a21b00c6f22ad0da6ceef7a2932dc600560f594c2551abd8e4a64976abae",
    "https://deno.land/x/mongo@v0.33.0/src/protocol/cursor.ts": "386b37a8eb8eb04746703b57e76af62e30fe1483a2dd1fb1f5bbd8d2d7a7ca45",
    "https://deno.land/x/mongo@v0.33.0/src/protocol/handshake.ts": "f2dd1c9618b4fd1212877823782866d270a93e9836970f628c988d49f626749d",
    "https://deno.land/x/mongo@v0.33.0/src/protocol/header.ts": "0f28db842f886e57b7013606c1391affab2e2960a1a4568d2502e7b788117716",
    "https://deno.land/x/mongo@v0.33.0/src/protocol/message.ts": "05b71f41f7228b7e059e6070ccf731e0ead90e7348b897710fb4bde1a7b7ad7c",
    "https://deno.land/x/mongo@v0.33.0/src/protocol/mod.ts": "c5f626711e5c1347d98400a18d252306390f76f81335acb4f871a2b45d8d89bb",
    "https://deno.land/x/mongo@v0.33.0/src/protocol/protocol.ts": "cac0a149e951ff5261b6352aa7907a33677a3ff11d424be2954c8de9d270cbab",
    "https://deno.land/x/mongo@v0.33.0/src/types.ts": "675c95674117468f2805736a58a4c107ccef983862871500c5feeb271e13400c",
    "https://deno.land/x/mongo@v0.33.0/src/types/geojson.ts": "14690e2fa1591939253ddc9de181b0664051e9462db131b72be5fb9d064dff44",
    "https://deno.land/x/mongo@v0.33.0/src/types/geospatial.ts": "3871035b43249ede15e505fe0edd19b0c46a9784733287740a3004e4740ec262",
    "https://deno.land/x/mongo@v0.33.0/src/types/gridfs.ts": "714ff5249b2361589baf97151e573fed1536cb1cf200ce8b24416d160330052b",
    "https://deno.land/x/mongo@v0.33.0/src/types/read_write_concern.ts": "d00f35eb85520e776741888685d08d479766a19e9a0a970b53f4594c9db00496",
    "https://deno.land/x/mongo@v0.33.0/src/utils/ns.ts": "fb0c57b8dc4d31f8993112d267dec3c163d3e8862198d1cd03b2b51bcc3caad9",
    "https://deno.land/x/mongo@v0.33.0/src/utils/saslprep/load_code_points.ts": "88c3bee38b2f3e22a2900332ca69f443759b4772bfa65463d8871c9e895f1299",
    "https://deno.land/x/mongo@v0.33.0/src/utils/saslprep/memory_pager.ts": "f55a79a13ec569c21630c3915a9af0c6fc0aa2b899121fa2a85a813c6dd4afba",
    "https://deno.land/x/mongo@v0.33.0/src/utils/saslprep/mod.ts": "de970d59c70a04c19e14a704f0028bf2ff57840d7a615b8cef86cccb014ccf89",
    "https://deno.land/x/mongo@v0.33.0/src/utils/saslprep/sparse_bitfield.ts": "07d6fe2ecd4ba5f711c44c1ae409bb9c1fe3a3cfc09e27434d231d4aae46dd2d",
    "https://deno.land/x/mongo@v0.33.0/src/utils/srv.ts": "e47f866987bd83717d48b99a3a8832d67f97a058e85111f9c96a03d026027b57",
    "https://deno.land/x/mongo@v0.33.0/src/utils/uri.ts": "dcfab8e1dcfcc875c75ada1d9f366664480c03b65594990d6342ed88925452e5",
    "https://deno.land/x/prohazko@1.3.5/hex.ts": "07b5172c4174a60e8e0b3b709ea12016b5673a55a3d1d0f21f44feccea44ef2e"
  }
}
